{
  "requires": true,
  "lockfileVersion": 1,
  "dependencies": {
    "ecv-dev-vgimonnet-tp2-exo1": {
      "version": "1.0.2",
      "resolved": "https://registry.npmjs.org/ecv-dev-vgimonnet-tp2-exo1/-/ecv-dev-vgimonnet-tp2-exo1-1.0.2.tgz",
      "integrity": "sha512-lTQ+EzT+exN9Ah6+8ZmQ+ua1UflAW7lqagfoZLlagrFpzQMY3TBSVoHAuAnmaxWevQl1qk/Yq2s1HJP61j4zXw==",
      "requires": {
        "slugify": "^1.6.4"
      }
    },
    "slug": {
      "version": "5.1.1",
      "resolved": "https://registry.npmjs.org/slug/-/slug-5.1.1.tgz",
      "integrity": "sha512-QPbRRFNK6AMY4ubNCZ/2Wx/JnLO7YQnjEOgA4ptgcyMzL4SjnwkRVp1Kkp7cigF2eP2FNVAhRjBeRkd6wWZzbg=="
    },
    "slugify": {
      "version": "1.6.4",
      "resolved": "https://registry.npmjs.org/slugify/-/slugify-1.6.4.tgz",
      "integrity": "sha512-Pcz296CK0uGnTf4iNQId79Uv6/5G16t0g0x3OsxWS8qVSOW+JXNnNHKVcuDiMgEGTWyK6zjlWXo2dvzV/FLf9Q=="
    },
    "test_exercice_1_nodejs": {
      "version": "1.0.1",
      "resolved": "https://registry.npmjs.org/test_exercice_1_nodejs/-/test_exercice_1_nodejs-1.0.1.tgz",
      "integrity": "sha512-1BRqPhalmCzM1o9gcCHMxS78Q+bo1b5Zz6Jv6me+YkeW35rZdXh/9rEE7XF2lMrjxGj/x9bhunuIKo16biCKmA==",
      "requires": {
        "slug": "^5.1.1"
      }
    }
  }
}
